// !$*UTF8*$!
{
	archiveVersion = 1;
	classes = {
	};
	objectVersion = 50;
	objects = {

/* Begin PBXBuildFile section */
		189109E626538F3200563C7A /* main.swift in Sources */ = {isa = PBXBuildFile; fileRef = 189109E526538F3200563C7A /* main.swift */; };
		189109ED26538F6E00563C7A /* Bai1.swift in Sources */ = {isa = PBXBuildFile; fileRef = 189109EC26538F6E00563C7A /* Bai1.swift */; };
		189109F12653A2CF00563C7A /* Bai3.swift in Sources */ = {isa = PBXBuildFile; fileRef = 189109F02653A2CF00563C7A /* Bai3.swift */; };
		189109F52653A7D500563C7A /* Bai5.swift in Sources */ = {isa = PBXBuildFile; fileRef = 189109F42653A7D500563C7A /* Bai5.swift */; };
		18E0FD54265530F700422B05 /* Bai2.swift in Sources */ = {isa = PBXBuildFile; fileRef = 18E0FD53265530F700422B05 /* Bai2.swift */; };
		18E0FD562655311F00422B05 /* Bai4.swift in Sources */ = {isa = PBXBuildFile; fileRef = 18E0FD552655311F00422B05 /* Bai4.swift */; };
/* End PBXBuildFile section */

/* Begin PBXCopyFilesBuildPhase section */
		189109E026538F3200563C7A /* CopyFiles */ = {
			isa = PBXCopyFilesBuildPhase;
			buildActionMask = 2147483647;
			dstPath = /usr/share/man/man1/;
			dstSubfolderSpec = 0;
			files = (
			);
			runOnlyForDeploymentPostprocessing = 1;
		};
/* End PBXCopyFilesBuildPhase section */

/* Begin PBXFileReference section */
		189109E226538F3200563C7A /* BaitapBuoi1 */ = {isa = PBXFileReference; explicitFileType = "compiled.mach-o.executable"; includeInIndex = 0; path = BaitapBuoi1; sourceTree = BUILT_PRODUCTS_DIR; };
		189109E526538F3200563C7A /* main.swift */ = {isa = PBXFileReference; lastKnownFileType = sourcecode.swift; path = main.swift; sourceTree = "<group>"; };
		189109EC26538F6E00563C7A /* Bai1.swift */ = {isa = PBXFileReference; lastKnownFileType = sourcecode.swift; path = Bai1.swift; sourceTree = "<group>"; };
		189109F02653A2CF00563C7A /* Bai3.swift */ = {isa = PBXFileReference; lastKnownFileType = sourcecode.swift; path = Bai3.swift; sourceTree = "<group>"; };
		189109F42653A7D500563C7A /* Bai5.swift */ = {isa = PBXFileReference; lastKnownFileType = sourcecode.swift; path = Bai5.swift; sourceTree = "<group>"; };
		18E0FD53265530F700422B05 /* Bai2.swift */ = {isa = PBXFileReference; lastKnownFileType = sourcecode.swift; path = Bai2.swift; sourceTree = "<group>"; };
		18E0FD552655311F00422B05 /* Bai4.swift */ = {isa = PBXFileReference; lastKnownFileType = sourcecode.swift; path = Bai4.swift; sourceTree = "<group>"; };
/* End PBXFileReference section */

/* Begin PBXFrameworksBuildPhase section */
		189109DF26538F3200563C7A /* Frameworks */ = {
			isa = PBXFrameworksBuildPhase;
			buildActionMask = 2147483647;
			files = (
			);
			runOnlyForDeploymentPostprocessing = 0;
		};
/* End PBXFrameworksBuildPhase section */

/* Begin PBXGroup section */
		189109D926538F3200563C7A = {
			isa = PBXGroup;
			children = (
				189109E426538F3200563C7A /* BaitapBuoi1 */,
				189109E326538F3200563C7A /* Products */,
			);
			sourceTree = "<group>";
		};
		189109E326538F3200563C7A /* Products */ = {
			isa = PBXGroup;
			children = (
				189109E226538F3200563C7A /* BaitapBuoi1 */,
			);
			name = Products;
			sourceTree = "<group>";
		};
		189109E426538F3200563C7A /* BaitapBuoi1 */ = {
			isa = PBXGroup;
			children = (
				189109E526538F3200563C7A /* main.swift */,
				189109F42653A7D500563C7A /* Bai5.swift */,
				189109F02653A2CF00563C7A /* Bai3.swift */,
				189109EC26538F6E00563C7A /* Bai1.swift */,
				18E0FD53265530F700422B05 /* Bai2.swift */,
				18E0FD552655311F00422B05 /* Bai4.swift */,
			);
			path = BaitapBuoi1;
			sourceTree = "<group>";
		};
/* End PBXGroup section */

/* Begin PBXNativeTarget section */
		189109E126538F3200563C7A /* BaitapBuoi1 */ = {
			isa = PBXNativeTarget;
			buildConfigurationList = 189109E926538F3200563C7A /* Build configuration list for PBXNativeTarget "BaitapBuoi1" */;
			buildPhases = (
				189109DE26538F3200563C7A /* Sources */,
				189109DF26538F3200563C7A /* Frameworks */,
				189109E026538F3200563C7A /* CopyFiles */,
			);
			buildRules = (
			);
			dependencies = (
			);
			name = BaitapBuoi1;
			productName = BaitapBuoi1;
			productReference = 189109E226538F3200563C7A /* BaitapBuoi1 */;
			productType = "com.apple.product-type.tool";
		};
/* End PBXNativeTarget section */

/* Begin PBXProject section */
		189109DA26538F3200563C7A /* Project object */ = {
			isa = PBXProject;
			attributes = {
				LastSwiftUpdateCheck = 1250;
				LastUpgradeCheck = 1250;
				TargetAttributes = {
					189109E126538F3200563C7A = {
						CreatedOnToolsVersion = 12.5;
					};
				};
			};
			buildConfigurationList = 189109DD26538F3200563C7A /* Build configuration list for PBXProject "BaitapBuoi1" */;
			compatibilityVersion = "Xcode 9.3";
			developmentRegion = en;
			hasScannedForEncodings = 0;
			knownRegions = (
				en,
				Base,
			);
			mainGroup = 189109D926538F3200563C7A;
			productRefGroup = 189109E326538F3200563C7A /* Products */;
			projectDirPath = "";
			projectRoot = "";
			targets = (
				189109E126538F3200563C7A /* BaitapBuoi1 */,
			);
		};
/* End PBXProject section */

/* Begin PBXSourcesBuildPhase section */
		189109DE26538F3200563C7A /* Sources */ = {
			isa = PBXSourcesBuildPhase;
			buildActionMask = 2147483647;
			files = (
				189109F12653A2CF00563C7A /* Bai3.swift in Sources */,
				18E0FD562655311F00422B05 /* Bai4.swift in Sources */,
				18E0FD54265530F700422B05 /* Bai2.swift in Sources */,
				189109ED26538F6E00563C7A /* Bai1.swift in Sources */,
				189109F52653A7D500563C7A /* Bai5.swift in Sources */,
				189109E626538F3200563C7A /* main.swift in Sources */,
			);
			runOnlyForDeploymentPostprocessing = 0;
		};
/* End PBXSourcesBuildPhase section */

/* Begin XCBuildConfiguration section */
		189109E726538F3200563C7A /* Debug */ = {
			isa = XCBuildConfiguration;
			buildSettings = {
				ALWAYS_SEARCH_USER_PATHS = NO;
				CLANG_ANALYZER_NONNULL = YES;
				CLANG_ANALYZER_NUMBER_OBJECT_CONVERSION = YES_AGGRESSIVE;
				CLANG_CXX_LANGUAGE_STANDARD = "gnu++14";
				CLANG_CXX_LIBRARY = "libc++";
				CLANG_ENABLE_MODULES = YES;
				CLANG_ENABLE_OBJC_ARC = YES;
				CLANG_ENABLE_OBJC_WEAK = YES;
				CLANG_WARN_BLOCK_CAPTURE_AUTORELEASING = YES;
				CLANG_WARN_BOOL_CONVERSION = YES;
				CLANG_WARN_COMMA = YES;
				CLANG_WARN_CONSTANT_CONVERSION = YES;
				CLANG_WARN_DEPRECATED_OBJC_IMPLEMENTATIONS = YES;
				CLANG_WARN_DIRECT_OBJC_ISA_USAGE = YES_ERROR;
				CLANG_WARN_DOCUMENTATION_COMMENTS = YES;
				CLANG_WARN_EMPTY_BODY = YES;
				CLANG_WARN_ENUM_CONVERSION = YES;
				CLANG_WARN_INFINITE_RECURSION = YES;
				CLANG_WARN_INT_CONVERSION = YES;
				CLANG_WARN_NON_LITERAL_NULL_CONVERSION = YES;
				CLANG_WARN_OBJC_IMPLICIT_RETAIN_SELF = YES;
				CLANG_WARN_OBJC_LITERAL_CONVERSION = YES;
				CLANG_WARN_OBJC_ROOT_CLASS = YES_ERROR;
				CLANG_WARN_QUOTED_INCLUDE_IN_FRAMEWORK_HEADER = YES;
				CLANG_WARN_RANGE_LOOP_ANALYSIS = YES;
				CLANG_WARN_STRICT_PROTOTYPES = YES;
				CLANG_WARN_SUSPICIOUS_MOVE = YES;
				CLANG_WARN_UNGUARDED_AVAILABILITY = YES_AGGRESSIVE;
				CLANG_WARN_UNREACHABLE_CODE = YES;
				CLANG_WARN__DUPLICATE_METHOD_MATCH = YES;
				COPY_PHASE_STRIP = NO;
				DEBUG_INFORMATION_FORMAT = dwarf;
				ENABLE_STRICT_OBJC_MSGSEND = YES;
				ENABLE_TESTABILITY = YES;
				GCC_C_LANGUAGE_STANDARD = gnu11;
				GCC_DYNAMIC_NO_PIC = NO;
				GCC_NO_COMMON_BLOCKS = YES;
				GCC_OPTIMIZATION_LEVEL = 0;
				GCC_PREPROCESSOR_DEFINITIONS = (
					"DEBUG=1",
					"$(inherited)",
				);
				GCC_WARN_64_TO_32_BIT_CONVERSION = YES;
				GCC_WARN_ABOUT_RETURN_TYPE = YES_ERROR;
				GCC_WARN_UNDECLARED_SELECTOR = YES;
				GCC_WARN_UNINITIALIZED_AUTOS = YES_AGGRESSIVE;
				GCC_WARN_UNUSED_FUNCTION = YES;
				GCC_WARN_UNUSED_VARIABLE = YES;
				MACOSX_DEPLOYMENT_TARGET = 11.2;
				MTL_ENABLE_DEBUG_INFO = INCLUDE_SOURCE;
				MTL_FAST_MATH = YES;
				ONLY_ACTIVE_ARCH = YES;
				SDKROOT = macosx;
				SWIFT_ACTIVE_COMPILATION_CONDITIONS = DEBUG;
				SWIFT_OPTIMIZATION_LEVEL = "-Onone";
			};
			name = Debug;
		};
		189109E826538F3200563C7A /* Release */ = {
			isa = XCBuildConfiguration;
			buildSettings = {
				ALWAYS_SEARCH_USER_PATHS = NO;
				CLANG_ANALYZER_NONNULL = YES;
				CLANG_ANALYZER_NUMBER_OBJECT_CONVERSION = YES_AGGRESSIVE;
				CLANG_CXX_LANGUAGE_STANDARD = "gnu++14";
				CLANG_CXX_LIBRARY = "libc++";
				CLANG_ENABLE_MODULES = YES;
				CLANG_ENABLE_OBJC_ARC = YES;
				CLANG_ENABLE_OBJC_WEAK = YES;
				CLANG_WARN_BLOCK_CAPTURE_AUTORELEASING = YES;
				CLANG_WARN_BOOL_CONVERSION = YES;
				CLANG_WARN_COMMA = YES;
				CLANG_WARN_CONSTANT_CONVERSION = YES;
				CLANG_WARN_DEPRECATED_OBJC_IMPLEMENTATIONS = YES;
				CLANG_WARN_DIRECT_OBJC_ISA_USAGE = YES_ERROR;
				CLANG_WARN_DOCUMENTATION_COMMENTS = YES;
				CLANG_WARN_EMPTY_BODY = YES;
				CLANG_WARN_ENUM_CONVERSION = YES;
				CLANG_WARN_INFINITE_RECURSION = YES;
				CLANG_WARN_INT_CONVERSION = YES;
				CLANG_WARN_NON_LITERAL_NULL_CONVERSION = YES;
				CLANG_WARN_OBJC_IMPLICIT_RETAIN_SELF = YES;
				CLANG_WARN_OBJC_LITERAL_CONVERSION = YES;
				CLANG_WARN_OBJC_ROOT_CLASS = YES_ERROR;
				CLANG_WARN_QUOTED_INCLUDE_IN_FRAMEWORK_HEADER = YES;
				CLANG_WARN_RANGE_LOOP_ANALYSIS = YES;
				CLANG_WARN_STRICT_PROTOTYPES = YES;
				CLANG_WARN_SUSPICIOUS_MOVE = YES;
				CLANG_WARN_UNGUARDED_AVAILABILITY = YES_AGGRESSIVE;
				CLANG_WARN_UNREACHABLE_CODE = YES;
				CLANG_WARN__DUPLICATE_METHOD_MATCH = YES;
				COPY_PHASE_STRIP = NO;
				DEBUG_INFORMATION_FORMAT = "dwarf-with-dsym";
				ENABLE_NS_ASSERTIONS = NO;
				ENABLE_STRICT_OBJC_MSGSEND = YES;
				GCC_C_LANGUAGE_STANDARD = gnu11;
				GCC_NO_COMMON_BLOCKS = YES;
				GCC_WARN_64_TO_32_BIT_CONVERSION = YES;
				GCC_WARN_ABOUT_RETURN_TYPE = YES_ERROR;
				GCC_WARN_UNDECLARED_SELECTOR = YES;
				GCC_WARN_UNINITIALIZED_AUTOS = YES_AGGRESSIVE;
				GCC_WARN_UNUSED_FUNCTION = YES;
				GCC_WARN_UNUSED_VARIABLE = YES;
				MACOSX_DEPLOYMENT_TARGET = 11.2;
				MTL_ENABLE_DEBUG_INFO = NO;
				MTL_FAST_MATH = YES;
				SDKROOT = macosx;
				SWIFT_COMPILATION_MODE = wholemodule;
				SWIFT_OPTIMIZATION_LEVEL = "-O";
			};
			name = Release;
		};
		189109EA26538F3200563C7A /* Debug */ = {
			isa = XCBuildConfiguration;
			buildSettings = {
				CODE_SIGN_STYLE = Automatic;
				DEVELOPMENT_TEAM = 57X8KFY93H;
				ENABLE_HARDENED_RUNTIME = YES;
				PRODUCT_NAME = "$(TARGET_NAME)";
				SWIFT_VERSION = 5.0;
			};
			name = Debug;
		};
		189109EB26538F3200563C7A /* Release */ = {
			isa = XCBuildConfiguration;
			buildSettings = {
				CODE_SIGN_STYLE = Automatic;
				DEVELOPMENT_TEAM = 57X8KFY93H;
				ENABLE_HARDENED_RUNTIME = YES;
				PRODUCT_NAME = "$(TARGET_NAME)";
				SWIFT_VERSION = 5.0;
			};
			name = Release;
		};
/* End XCBuildConfiguration section */

/* Begin XCConfigurationList section */
		189109DD26538F3200563C7A /* Build configuration list for PBXProject "BaitapBuoi1" */ = {
			isa = XCConfigurationList;
			buildConfigurations = (
				189109E726538F3200563C7A /* Debug */,
				189109E826538F3200563C7A /* Release */,
			);
			defaultConfigurationIsVisible = 0;
			defaultConfigurationName = Release;
		};
		189109E926538F3200563C7A /* Build configuration list for PBXNativeTarget "BaitapBuoi1" */ = {
			isa = XCConfigurationList;
			buildConfigurations = (
				189109EA26538F3200563C7A /* Debug */,
				189109EB26538F3200563C7A /* Release */,
			);
			defaultConfigurationIsVisible = 0;
			defaultConfigurationName = Release;
		};
/* End XCConfigurationList section */
	};
	rootObject = 189109DA26538F3200563C7A /* Project object */;
}
